Microsoft Visual Studio Solution File, Format Version 11.00
# Visual Studio 2008

Project("{BDF482F2-6C29-9D7F-5271-A0EC79FB198E}") = "barelyInstrument", "Assembly-CSharp.csproj", "{691E00C7-E2DB-5F80-21B2-9F15BB218842}"
EndProject
Global
	GlobalSection(SolutionConfigurationPlatforms) = preSolution
		Debug|Any CPU = Debug|Any CPU
		Release|Any CPU = Release|Any CPU
	EndGlobalSection
	GlobalSection(ProjectConfigurationPlatforms) = postSolution
		{691E00C7-E2DB-5F80-21B2-9F15BB218842}.Debug|Any CPU.ActiveCfg = Debug|Any CPU
		{691E00C7-E2DB-5F80-21B2-9F15BB218842}.Debug|Any CPU.Build.0 = Debug|Any CPU
		{691E00C7-E2DB-5F80-21B2-9F15BB218842}.Release|Any CPU.ActiveCfg = Release|Any CPU
		{691E00C7-E2DB-5F80-21B2-9F15BB218842}.Release|Any CPU.Build.0 = Release|Any CPU
	EndGlobalSection
	GlobalSection(SolutionProperties) = preSolution
		HideSolutionNode = FALSE
	EndGlobalSection
	GlobalSection(MonoDevelopProperties) = preSolution
		Policies = $0
		$0.TextStylePolicy = $1
		$1.FileWidth = 100
		$1.TabWidth = 2
		$1.IndentWidth = 2
		$1.inheritsSet = VisualStudio
		$1.inheritsScope = text/plain
		$1.scope = text/x-csharp
		$0.CSharpFormattingPolicy = $2
		$2.IndentNamespaceBody = False
		$2.NamespaceBraceStyle = EndOfLine
		$2.ClassBraceStyle = EndOfLine
		$2.InterfaceBraceStyle = EndOfLine
		$2.StructBraceStyle = EndOfLine
		$2.EnumBraceStyle = EndOfLine
		$2.MethodBraceStyle = EndOfLine
		$2.ConstructorBraceStyle = EndOfLine
		$2.DestructorBraceStyle = EndOfLine
		$2.BeforeMethodCallParentheses = False
		$2.BeforeConstructorDeclarationParentheses = False
		$2.BeforeDelegateDeclarationParentheses = False
		$2.AfterDelegateDeclarationParameterComma = True
		$2.NewParentheses = False
		$2.SpacesBeforeBrackets = False
		$2.MethodCallArgumentWrapping = WrapIfTooLong
		$2.AlignToFirstMethodCallArgument = True
		$2.MethodDeclarationParameterWrapping = WrapIfTooLong
		$2.IndexerDeclarationParameterWrapping = WrapIfTooLong
		$2.IndexerArgumentWrapping = WrapIfTooLong
		$2.AlignToFirstIndexerArgument = True
		$2.inheritsSet = Mono
		$2.inheritsScope = text/x-csharp
		$2.scope = text/x-csharp
	EndGlobalSection
EndGlobal
